
Microsoft Visual Studio Solution File, Format Version 12.00
# Visual Studio Version 16
VisualStudioVersion = 16.6.30114.105
MinimumVisualStudioVersion = 10.0.40219.1
Project("{2150E333-8FDC-42A3-9474-1A3956D46DE8}") = "Core", "Core", "{FA00F290-2EBB-4EF4-A431-D30EFE7002A2}"
EndProject
Project("{2150E333-8FDC-42A3-9474-1A3956D46DE8}") = "Infrastructure", "Infrastructure", "{8C7763A6-D07B-4DA5-9A06-618F63DB27F8}"
EndProject
Project("{2150E333-8FDC-42A3-9474-1A3956D46DE8}") = "Presentation", "Presentation", "{0CD553A7-1582-492B-B020-CD447DF5050C}"
EndProject
Project("{9A19103F-16F7-4668-BE54-9A1E7A4F7556}") = "CarBuddy.Domain", "CarBuddy.Domain\CarBuddy.Domain.csproj", "{5CD5A306-88C3-4A89-BA5D-E9A6870FCF59}"
EndProject
Project("{9A19103F-16F7-4668-BE54-9A1E7A4F7556}") = "CarBuddy.Persistence", "CarBuddy.Persistence\CarBuddy.Persistence.csproj", "{A2D2FAA6-C870-4C7D-8698-2C2890B6D853}"
EndProject
Project("{9A19103F-16F7-4668-BE54-9A1E7A4F7556}") = "CarBuddy.WebApi", "CarBuddy.WebApi\CarBuddy.WebApi.csproj", "{555A2A74-3EFA-4246-8E93-43D3FF278FA0}"
EndProject
Project("{9A19103F-16F7-4668-BE54-9A1E7A4F7556}") = "CarBuddy.Application", "CarBuddy.Application\CarBuddy.Application.csproj", "{12240BCC-BDA3-428F-B944-0DE1079A094A}"
EndProject
Project("{2150E333-8FDC-42A3-9474-1A3956D46DE8}") = "Solution Items", "Solution Items", "{398362EC-402E-4F44-919D-D10802ECF7D5}"
	ProjectSection(SolutionItems) = preProject
		.editorconfig = .editorconfig
	EndProjectSection
EndProject
Project("{9A19103F-16F7-4668-BE54-9A1E7A4F7556}") = "CarBuddy.Identity", "CarBuddy.Identity\CarBuddy.Identity.csproj", "{B1327DEA-02CB-43E9-8E00-B40FCF540B49}"
EndProject
Project("{9A19103F-16F7-4668-BE54-9A1E7A4F7556}") = "CarBuddy.Hubs", "CarBuddy.Hubs\CarBuddy.Hubs.csproj", "{DDC18AB6-446E-4580-A5B8-C42B6ED95B08}"
EndProject
Global
	GlobalSection(SolutionConfigurationPlatforms) = preSolution
		Debug|Any CPU = Debug|Any CPU
		Debug|x64 = Debug|x64
		Debug|x86 = Debug|x86
		Release|Any CPU = Release|Any CPU
		Release|x64 = Release|x64
		Release|x86 = Release|x86
	EndGlobalSection
	GlobalSection(ProjectConfigurationPlatforms) = postSolution
		{5CD5A306-88C3-4A89-BA5D-E9A6870FCF59}.Debug|Any CPU.ActiveCfg = Debug|Any CPU
		{5CD5A306-88C3-4A89-BA5D-E9A6870FCF59}.Debug|Any CPU.Build.0 = Debug|Any CPU
		{5CD5A306-88C3-4A89-BA5D-E9A6870FCF59}.Debug|x64.ActiveCfg = Debug|Any CPU
		{5CD5A306-88C3-4A89-BA5D-E9A6870FCF59}.Debug|x64.Build.0 = Debug|Any CPU
		{5CD5A306-88C3-4A89-BA5D-E9A6870FCF59}.Debug|x86.ActiveCfg = Debug|Any CPU
		{5CD5A306-88C3-4A89-BA5D-E9A6870FCF59}.Debug|x86.Build.0 = Debug|Any CPU
		{5CD5A306-88C3-4A89-BA5D-E9A6870FCF59}.Release|Any CPU.ActiveCfg = Release|Any CPU
		{5CD5A306-88C3-4A89-BA5D-E9A6870FCF59}.Release|Any CPU.Build.0 = Release|Any CPU
		{5CD5A306-88C3-4A89-BA5D-E9A6870FCF59}.Release|x64.ActiveCfg = Release|Any CPU
		{5CD5A306-88C3-4A89-BA5D-E9A6870FCF59}.Release|x64.Build.0 = Release|Any CPU
		{5CD5A306-88C3-4A89-BA5D-E9A6870FCF59}.Release|x86.ActiveCfg = Release|Any CPU
		{5CD5A306-88C3-4A89-BA5D-E9A6870FCF59}.Release|x86.Build.0 = Release|Any CPU
		{A2D2FAA6-C870-4C7D-8698-2C2890B6D853}.Debug|Any CPU.ActiveCfg = Debug|Any CPU
		{A2D2FAA6-C870-4C7D-8698-2C2890B6D853}.Debug|Any CPU.Build.0 = Debug|Any CPU
		{A2D2FAA6-C870-4C7D-8698-2C2890B6D853}.Debug|x64.ActiveCfg = Debug|Any CPU
		{A2D2FAA6-C870-4C7D-8698-2C2890B6D853}.Debug|x64.Build.0 = Debug|Any CPU
		{A2D2FAA6-C870-4C7D-8698-2C2890B6D853}.Debug|x86.ActiveCfg = Debug|Any CPU
		{A2D2FAA6-C870-4C7D-8698-2C2890B6D853}.Debug|x86.Build.0 = Debug|Any CPU
		{A2D2FAA6-C870-4C7D-8698-2C2890B6D853}.Release|Any CPU.ActiveCfg = Release|Any CPU
		{A2D2FAA6-C870-4C7D-8698-2C2890B6D853}.Release|Any CPU.Build.0 = Release|Any CPU
		{A2D2FAA6-C870-4C7D-8698-2C2890B6D853}.Release|x64.ActiveCfg = Release|Any CPU
		{A2D2FAA6-C870-4C7D-8698-2C2890B6D853}.Release|x64.Build.0 = Release|Any CPU
		{A2D2FAA6-C870-4C7D-8698-2C2890B6D853}.Release|x86.ActiveCfg = Release|Any CPU
		{A2D2FAA6-C870-4C7D-8698-2C2890B6D853}.Release|x86.Build.0 = Release|Any CPU
		{555A2A74-3EFA-4246-8E93-43D3FF278FA0}.Debug|Any CPU.ActiveCfg = Debug|Any CPU
		{555A2A74-3EFA-4246-8E93-43D3FF278FA0}.Debug|Any CPU.Build.0 = Debug|Any CPU
		{555A2A74-3EFA-4246-8E93-43D3FF278FA0}.Debug|x64.ActiveCfg = Debug|Any CPU
		{555A2A74-3EFA-4246-8E93-43D3FF278FA0}.Debug|x64.Build.0 = Debug|Any CPU
		{555A2A74-3EFA-4246-8E93-43D3FF278FA0}.Debug|x86.ActiveCfg = Debug|Any CPU
		{555A2A74-3EFA-4246-8E93-43D3FF278FA0}.Debug|x86.Build.0 = Debug|Any CPU
		{555A2A74-3EFA-4246-8E93-43D3FF278FA0}.Release|Any CPU.ActiveCfg = Release|Any CPU
		{555A2A74-3EFA-4246-8E93-43D3FF278FA0}.Release|Any CPU.Build.0 = Release|Any CPU
		{555A2A74-3EFA-4246-8E93-43D3FF278FA0}.Release|x64.ActiveCfg = Release|Any CPU
		{555A2A74-3EFA-4246-8E93-43D3FF278FA0}.Release|x64.Build.0 = Release|Any CPU
		{555A2A74-3EFA-4246-8E93-43D3FF278FA0}.Release|x86.ActiveCfg = Release|Any CPU
		{555A2A74-3EFA-4246-8E93-43D3FF278FA0}.Release|x86.Build.0 = Release|Any CPU
		{12240BCC-BDA3-428F-B944-0DE1079A094A}.Debug|Any CPU.ActiveCfg = Debug|Any CPU
		{12240BCC-BDA3-428F-B944-0DE1079A094A}.Debug|Any CPU.Build.0 = Debug|Any CPU
		{12240BCC-BDA3-428F-B944-0DE1079A094A}.Debug|x64.ActiveCfg = Debug|Any CPU
		{12240BCC-BDA3-428F-B944-0DE1079A094A}.Debug|x64.Build.0 = Debug|Any CPU
		{12240BCC-BDA3-428F-B944-0DE1079A094A}.Debug|x86.ActiveCfg = Debug|Any CPU
		{12240BCC-BDA3-428F-B944-0DE1079A094A}.Debug|x86.Build.0 = Debug|Any CPU
		{12240BCC-BDA3-428F-B944-0DE1079A094A}.Release|Any CPU.ActiveCfg = Release|Any CPU
		{12240BCC-BDA3-428F-B944-0DE1079A094A}.Release|Any CPU.Build.0 = Release|Any CPU
		{12240BCC-BDA3-428F-B944-0DE1079A094A}.Release|x64.ActiveCfg = Release|Any CPU
		{12240BCC-BDA3-428F-B944-0DE1079A094A}.Release|x64.Build.0 = Release|Any CPU
		{12240BCC-BDA3-428F-B944-0DE1079A094A}.Release|x86.ActiveCfg = Release|Any CPU
		{12240BCC-BDA3-428F-B944-0DE1079A094A}.Release|x86.Build.0 = Release|Any CPU
		{B1327DEA-02CB-43E9-8E00-B40FCF540B49}.Debug|Any CPU.ActiveCfg = Debug|Any CPU
		{B1327DEA-02CB-43E9-8E00-B40FCF540B49}.Debug|Any CPU.Build.0 = Debug|Any CPU
		{B1327DEA-02CB-43E9-8E00-B40FCF540B49}.Debug|x64.ActiveCfg = Debug|Any CPU
		{B1327DEA-02CB-43E9-8E00-B40FCF540B49}.Debug|x64.Build.0 = Debug|Any CPU
		{B1327DEA-02CB-43E9-8E00-B40FCF540B49}.Debug|x86.ActiveCfg = Debug|Any CPU
		{B1327DEA-02CB-43E9-8E00-B40FCF540B49}.Debug|x86.Build.0 = Debug|Any CPU
		{B1327DEA-02CB-43E9-8E00-B40FCF540B49}.Release|Any CPU.ActiveCfg = Release|Any CPU
		{B1327DEA-02CB-43E9-8E00-B40FCF540B49}.Release|Any CPU.Build.0 = Release|Any CPU
		{B1327DEA-02CB-43E9-8E00-B40FCF540B49}.Release|x64.ActiveCfg = Release|Any CPU
		{B1327DEA-02CB-43E9-8E00-B40FCF540B49}.Release|x64.Build.0 = Release|Any CPU
		{B1327DEA-02CB-43E9-8E00-B40FCF540B49}.Release|x86.ActiveCfg = Release|Any CPU
		{B1327DEA-02CB-43E9-8E00-B40FCF540B49}.Release|x86.Build.0 = Release|Any CPU
		{DDC18AB6-446E-4580-A5B8-C42B6ED95B08}.Debug|Any CPU.ActiveCfg = Debug|Any CPU
		{DDC18AB6-446E-4580-A5B8-C42B6ED95B08}.Debug|Any CPU.Build.0 = Debug|Any CPU
		{DDC18AB6-446E-4580-A5B8-C42B6ED95B08}.Debug|x64.ActiveCfg = Debug|Any CPU
		{DDC18AB6-446E-4580-A5B8-C42B6ED95B08}.Debug|x64.Build.0 = Debug|Any CPU
		{DDC18AB6-446E-4580-A5B8-C42B6ED95B08}.Debug|x86.ActiveCfg = Debug|Any CPU
		{DDC18AB6-446E-4580-A5B8-C42B6ED95B08}.Debug|x86.Build.0 = Debug|Any CPU
		{DDC18AB6-446E-4580-A5B8-C42B6ED95B08}.Release|Any CPU.ActiveCfg = Release|Any CPU
		{DDC18AB6-446E-4580-A5B8-C42B6ED95B08}.Release|Any CPU.Build.0 = Release|Any CPU
		{DDC18AB6-446E-4580-A5B8-C42B6ED95B08}.Release|x64.ActiveCfg = Release|Any CPU
		{DDC18AB6-446E-4580-A5B8-C42B6ED95B08}.Release|x64.Build.0 = Release|Any CPU
		{DDC18AB6-446E-4580-A5B8-C42B6ED95B08}.Release|x86.ActiveCfg = Release|Any CPU
		{DDC18AB6-446E-4580-A5B8-C42B6ED95B08}.Release|x86.Build.0 = Release|Any CPU
	EndGlobalSection
	GlobalSection(SolutionProperties) = preSolution
		HideSolutionNode = FALSE
	EndGlobalSection
	GlobalSection(NestedProjects) = preSolution
		{5CD5A306-88C3-4A89-BA5D-E9A6870FCF59} = {FA00F290-2EBB-4EF4-A431-D30EFE7002A2}
		{A2D2FAA6-C870-4C7D-8698-2C2890B6D853} = {8C7763A6-D07B-4DA5-9A06-618F63DB27F8}
		{555A2A74-3EFA-4246-8E93-43D3FF278FA0} = {0CD553A7-1582-492B-B020-CD447DF5050C}
		{12240BCC-BDA3-428F-B944-0DE1079A094A} = {FA00F290-2EBB-4EF4-A431-D30EFE7002A2}
		{B1327DEA-02CB-43E9-8E00-B40FCF540B49} = {8C7763A6-D07B-4DA5-9A06-618F63DB27F8}
		{DDC18AB6-446E-4580-A5B8-C42B6ED95B08} = {0CD553A7-1582-492B-B020-CD447DF5050C}
	EndGlobalSection
	GlobalSection(ExtensibilityGlobals) = postSolution
		SolutionGuid = {4D9DB840-E697-43AE-8D5C-1ABDD160A589}
	EndGlobalSection
EndGlobal
